
Microsoft Visual Studio Solution File, Format Version 12.00
# Visual Studio Version 17
VisualStudioVersion = 17.14.36310.24
MinimumVisualStudioVersion = 10.0.40219.1
Project("{FAE04EC0-301F-11D3-BF4B-00C04F79EFBC}") = "MAGNOR_POS", "MAGNOR_POS\MAGNOR_POS.csproj", "{C85FBAC7-FE30-494B-AD7E-AB0A22A1218C}"
EndProject
Global
	GlobalSection(SolutionConfigurationPlatforms) = preSolution
		Debug|Any CPU = Debug|Any CPU
		Release|Any CPU = Release|Any CPU
	EndGlobalSection
	GlobalSection(ProjectConfigurationPlatforms) = postSolution
		{C85FBAC7-FE30-494B-AD7E-AB0A22A1218C}.Debug|Any CPU.ActiveCfg = Debug|Any CPU
		{C85FBAC7-FE30-494B-AD7E-AB0A22A1218C}.Debug|Any CPU.Build.0 = Debug|Any CPU
		{C85FBAC7-FE30-494B-AD7E-AB0A22A1218C}.Release|Any CPU.ActiveCfg = Release|Any CPU
		{C85FBAC7-FE30-494B-AD7E-AB0A22A1218C}.Release|Any CPU.Build.0 = Release|Any CPU
	EndGlobalSection
	GlobalSection(SolutionProperties) = preSolution
		HideSolutionNode = FALSE
	EndGlobalSection
	GlobalSection(ExtensibilityGlobals) = postSolution
		SolutionGuid = {C0DBDD49-88FF-4FD2-B1DC-84710C7DC6B4}
	EndGlobalSection
EndGlobal
